{
    "_readme": [
        "This file locks the dependencies of your project to a known state",
        "Read more about it at http://getcomposer.org/doc/01-basic-usage.md#composer-lock-the-lock-file"
    ],
    "hash": "f03f044a2b583e3d40743b1d155d6c4e",
    "packages": [
        {
            "name": "evernote/evernote",
            "version": "1.25.0",
            "source": {
                "type": "git",
                "url": "https://github.com/evernote/evernote-sdk-php.git",
                "reference": "a0aa139ec81af610d314be1b70bee74947401790"
            },
            "dist": {
                "type": "zip",
                "url": "https://api.github.com/repos/evernote/evernote-sdk-php/zipball/a0aa139ec81af610d314be1b70bee74947401790",
                "reference": "a0aa139ec81af610d314be1b70bee74947401790",
                "shasum": ""
            },
            "require": {
                "php": ">=5.3"
            },
            "type": "library",
            "autoload": {
                "classmap": [
                    "lib/"
                ]
            },
            "notification-url": "https://packagist.org/downloads/",
            "license": [
                "Apache"
            ],
            "authors": [
                {
                    "name": "Evernote and contributors",
                    "homepage": "https://github.com/evernote/evernote-sdk-php/contributors"
                }
            ],
            "description": "Evernote PHP SDK",
            "homepage": "https://github.com/evernote/evernote-sdk-php",
            "keywords": [
                "api",
                "evernote",
                "sdk"
            ],
            "time": "2013-06-12 20:33:05"
        },
        {
            "name": "opauth/evernote",
            "version": "0.0.2",
            "source": {
                "type": "git",
                "url": "https://github.com/evernote/opauth-evernote.git",
                "reference": "60cacc1b1be108a9c08b2f40c048c3513d750749"
            },
            "dist": {
                "type": "zip",
                "url": "https://api.github.com/repos/evernote/opauth-evernote/zipball/60cacc1b1be108a9c08b2f40c048c3513d750749",
                "reference": "60cacc1b1be108a9c08b2f40c048c3513d750749",
                "shasum": ""
            },
            "require": {
                "opauth/opauth": ">=0.2.0",
                "php": ">=5.3"
            },
            "type": "library",
            "autoload": {
                "psr-0": {
                    "": "."
                }
            },
            "notification-url": "https://packagist.org/downloads/",
            "license": [
                "MIT"
            ],
            "authors": [
                {
                    "name": "Evernote",
                    "homepage": "https://github.com/evernote/opauth-evernote/contributors"
                }
            ],
            "description": "Evernote strategy for Opauth",
            "homepage": "https://github.com/evernote/opauth-evernote",
            "keywords": [
                "Authentication",
                "auth",
                "evernote"
            ],
            "time": "2013-06-07 23:28:15"
        },
        {
            "name": "opauth/opauth",
            "version": "0.4.4",
            "source": {
                "type": "git",
                "url": "https://github.com/opauth/opauth.git",
                "reference": "436fb98c2374c9e8ae4d8adddf83214bee4d9c72"
            },
            "dist": {
                "type": "zip",
                "url": "https://api.github.com/repos/opauth/opauth/zipball/436fb98c2374c9e8ae4d8adddf83214bee4d9c72",
                "reference": "436fb98c2374c9e8ae4d8adddf83214bee4d9c72",
                "shasum": ""
            },
            "require": {
                "php": ">=5.2.0"
            },
            "suggest": {
                "opauth/facebook": "Allows Facebook authentication",
                "opauth/google": "Allows Google authentication",
                "opauth/twitter": "Allows Twitter authentication"
            },
            "type": "library",
            "autoload": {
                "classmap": [
                    "lib/Opauth/"
                ]
            },
            "notification-url": "https://packagist.org/downloads/",
            "license": [
                "MIT"
            ],
            "authors": [
                {
                    "name": "U-Zyn Chua",
                    "email": "chua@uzyn.com",
                    "homepage": "http://uzyn.com"
                }
            ],
            "description": "Multi-provider authentication framework for PHP",
            "homepage": "http://opauth.org",
            "keywords": [
                "Authentication",
                "OpenId",
                "auth",
                "facebook",
                "google",
                "oauth",
                "omniauth",
                "twitter"
            ],
            "time": "2013-05-10 09:01:52"
        }
    ],
    "packages-dev": [

    ],
    "aliases": [

    ],
    "minimum-stability": "stable",
    "stability-flags": [

    ],
    "platform": [

    ],
    "platform-dev": [

    ]
}
